// !$*UTF8*$!
{
	archiveVersion = 1;
	classes = {
	};
	objectVersion = 55;
	objects = {

/* Begin PBXBuildFile section */
		7324440728C2A9E70056A8A7 /* EditSheetView.swift in Sources */ = {isa = PBXBuildFile; fileRef = 7324440628C2A9E70056A8A7 /* EditSheetView.swift */; };
		737B187528BF03CA00ED59D3 /* SpecificDiceRollingView.swift in Sources */ = {isa = PBXBuildFile; fileRef = 737B187428BF03CA00ED59D3 /* SpecificDiceRollingView.swift */; };
		737B187928BFF77600ED59D3 /* CreationView.swift in Sources */ = {isa = PBXBuildFile; fileRef = 737B187828BFF77600ED59D3 /* CreationView.swift */; };
		73855B2028C960DC00E59726 /* DiceCalculatorBoardView.swift in Sources */ = {isa = PBXBuildFile; fileRef = 73855B1F28C960DC00E59726 /* DiceCalculatorBoardView.swift */; };
		73B2517328B9301400246515 /* Simple_dice_rollerApp.swift in Sources */ = {isa = PBXBuildFile; fileRef = 73B2517228B9301400246515 /* Simple_dice_rollerApp.swift */; };
		73B2517528B9301400246515 /* ContentView.swift in Sources */ = {isa = PBXBuildFile; fileRef = 73B2517428B9301400246515 /* ContentView.swift */; };
		73B2517728B9301400246515 /* Assets.xcassets in Resources */ = {isa = PBXBuildFile; fileRef = 73B2517628B9301400246515 /* Assets.xcassets */; };
		73B2517A28B9301400246515 /* Preview Assets.xcassets in Resources */ = {isa = PBXBuildFile; fileRef = 73B2517928B9301400246515 /* Preview Assets.xcassets */; };
		73B2518328B930DD00246515 /* Constance.swift in Sources */ = {isa = PBXBuildFile; fileRef = 73B2518228B930DD00246515 /* Constance.swift */; };
		73B2518728B93E6E00246515 /* Extensions.swift in Sources */ = {isa = PBXBuildFile; fileRef = 73B2518628B93E6E00246515 /* Extensions.swift */; };
		73B2518928B96B8800246515 /* RollReadoutView.swift in Sources */ = {isa = PBXBuildFile; fileRef = 73B2518828B96B8800246515 /* RollReadoutView.swift */; };
		73B2518C28B9814000246515 /* NumberToggleView.swift in Sources */ = {isa = PBXBuildFile; fileRef = 73B2518B28B9814000246515 /* NumberToggleView.swift */; };
		73B2518E28B988C300246515 /* GenericDiceRollingView.swift in Sources */ = {isa = PBXBuildFile; fileRef = 73B2518D28B988C300246515 /* GenericDiceRollingView.swift */; };
		73BF039628E21D8A006B2100 /* EditAbilitySection.swift in Sources */ = {isa = PBXBuildFile; fileRef = 73BF039528E21D8A006B2100 /* EditAbilitySection.swift */; };
		73BF039B28E4EA0E006B2100 /* MarqueeText.swift in Sources */ = {isa = PBXBuildFile; fileRef = 73BF039A28E4EA0E006B2100 /* MarqueeText.swift */; };
		73D3D88D28EB4A3100117989 /* SettingsView.swift in Sources */ = {isa = PBXBuildFile; fileRef = 73D3D88C28EB4A3100117989 /* SettingsView.swift */; };
		73EF508428D3B68600CB37F3 /* LastRollView.swift in Sources */ = {isa = PBXBuildFile; fileRef = 73EF508328D3B68600CB37F3 /* LastRollView.swift */; };
		73FA409528DA5C7300797223 /* Roll.swift in Sources */ = {isa = PBXBuildFile; fileRef = 73FA409428DA5C7300797223 /* Roll.swift */; };
		73FA409728DBAC0F00797223 /* Event.swift in Sources */ = {isa = PBXBuildFile; fileRef = 73FA409628DBAC0F00797223 /* Event.swift */; };
		73FA409928DBAC5000797223 /* Monster.swift in Sources */ = {isa = PBXBuildFile; fileRef = 73FA409828DBAC5000797223 /* Monster.swift */; };
		73FA409C28DBC1CA00797223 /* ViewModel.swift in Sources */ = {isa = PBXBuildFile; fileRef = 73FA409B28DBC1CA00797223 /* ViewModel.swift */; };
/* End PBXBuildFile section */

/* Begin PBXFileReference section */
		7324440628C2A9E70056A8A7 /* EditSheetView.swift */ = {isa = PBXFileReference; lastKnownFileType = sourcecode.swift; path = EditSheetView.swift; sourceTree = "<group>"; };
		737B187428BF03CA00ED59D3 /* SpecificDiceRollingView.swift */ = {isa = PBXFileReference; lastKnownFileType = sourcecode.swift; path = SpecificDiceRollingView.swift; sourceTree = "<group>"; };
		737B187828BFF77600ED59D3 /* CreationView.swift */ = {isa = PBXFileReference; lastKnownFileType = sourcecode.swift; path = CreationView.swift; sourceTree = "<group>"; };
		73855B1F28C960DC00E59726 /* DiceCalculatorBoardView.swift */ = {isa = PBXFileReference; lastKnownFileType = sourcecode.swift; path = DiceCalculatorBoardView.swift; sourceTree = "<group>"; };
		73B2516F28B9301400246515 /* Simple dice roller.app */ = {isa = PBXFileReference; explicitFileType = wrapper.application; includeInIndex = 0; path = "Simple dice roller.app"; sourceTree = BUILT_PRODUCTS_DIR; };
		73B2517228B9301400246515 /* Simple_dice_rollerApp.swift */ = {isa = PBXFileReference; lastKnownFileType = sourcecode.swift; path = Simple_dice_rollerApp.swift; sourceTree = "<group>"; };
		73B2517428B9301400246515 /* ContentView.swift */ = {isa = PBXFileReference; lastKnownFileType = sourcecode.swift; path = ContentView.swift; sourceTree = "<group>"; };
		73B2517628B9301400246515 /* Assets.xcassets */ = {isa = PBXFileReference; lastKnownFileType = folder.assetcatalog; path = Assets.xcassets; sourceTree = "<group>"; };
		73B2517928B9301400246515 /* Preview Assets.xcassets */ = {isa = PBXFileReference; lastKnownFileType = folder.assetcatalog; path = "Preview Assets.xcassets"; sourceTree = "<group>"; };
		73B2518228B930DD00246515 /* Constance.swift */ = {isa = PBXFileReference; lastKnownFileType = sourcecode.swift; path = Constance.swift; sourceTree = "<group>"; };
		73B2518628B93E6E00246515 /* Extensions.swift */ = {isa = PBXFileReference; lastKnownFileType = sourcecode.swift; path = Extensions.swift; sourceTree = "<group>"; };
		73B2518828B96B8800246515 /* RollReadoutView.swift */ = {isa = PBXFileReference; lastKnownFileType = sourcecode.swift; path = RollReadoutView.swift; sourceTree = "<group>"; };
		73B2518B28B9814000246515 /* NumberToggleView.swift */ = {isa = PBXFileReference; lastKnownFileType = sourcecode.swift; path = NumberToggleView.swift; sourceTree = "<group>"; };
		73B2518D28B988C300246515 /* GenericDiceRollingView.swift */ = {isa = PBXFileReference; lastKnownFileType = sourcecode.swift; path = GenericDiceRollingView.swift; sourceTree = "<group>"; };
		73BF039528E21D8A006B2100 /* EditAbilitySection.swift */ = {isa = PBXFileReference; lastKnownFileType = sourcecode.swift; path = EditAbilitySection.swift; sourceTree = "<group>"; };
		73BF039A28E4EA0E006B2100 /* MarqueeText.swift */ = {isa = PBXFileReference; lastKnownFileType = sourcecode.swift; path = MarqueeText.swift; sourceTree = "<group>"; };
		73D3D88C28EB4A3100117989 /* SettingsView.swift */ = {isa = PBXFileReference; lastKnownFileType = sourcecode.swift; path = SettingsView.swift; sourceTree = "<group>"; };
		73EF508328D3B68600CB37F3 /* LastRollView.swift */ = {isa = PBXFileReference; lastKnownFileType = sourcecode.swift; path = LastRollView.swift; sourceTree = "<group>"; };
		73FA409428DA5C7300797223 /* Roll.swift */ = {isa = PBXFileReference; lastKnownFileType = sourcecode.swift; path = Roll.swift; sourceTree = "<group>"; };
		73FA409628DBAC0F00797223 /* Event.swift */ = {isa = PBXFileReference; lastKnownFileType = sourcecode.swift; path = Event.swift; sourceTree = "<group>"; };
		73FA409828DBAC5000797223 /* Monster.swift */ = {isa = PBXFileReference; lastKnownFileType = sourcecode.swift; path = Monster.swift; sourceTree = "<group>"; };
		73FA409B28DBC1CA00797223 /* ViewModel.swift */ = {isa = PBXFileReference; lastKnownFileType = sourcecode.swift; path = ViewModel.swift; sourceTree = "<group>"; };
/* End PBXFileReference section */

/* Begin PBXFrameworksBuildPhase section */
		73B2516C28B9301400246515 /* Frameworks */ = {
			isa = PBXFrameworksBuildPhase;
			buildActionMask = 2147483647;
			files = (
			);
			runOnlyForDeploymentPostprocessing = 0;
		};
/* End PBXFrameworksBuildPhase section */

/* Begin PBXGroup section */
		737B187628BFF6C600ED59D3 /* Content view */ = {
			isa = PBXGroup;
			children = (
				73B2517428B9301400246515 /* ContentView.swift */,
				73EF508328D3B68600CB37F3 /* LastRollView.swift */,
				73B2518828B96B8800246515 /* RollReadoutView.swift */,
				73B2518D28B988C300246515 /* GenericDiceRollingView.swift */,
				737B187428BF03CA00ED59D3 /* SpecificDiceRollingView.swift */,
			);
			path = "Content view";
			sourceTree = "<group>";
		};
		737B187728BFF6FC00ED59D3 /* Creation view */ = {
			isa = PBXGroup;
			children = (
				737B187828BFF77600ED59D3 /* CreationView.swift */,
				7324440628C2A9E70056A8A7 /* EditSheetView.swift */,
				73BF039528E21D8A006B2100 /* EditAbilitySection.swift */,
			);
			path = "Creation view";
			sourceTree = "<group>";
		};
		73B2516628B9301400246515 = {
			isa = PBXGroup;
			children = (
				73B2517128B9301400246515 /* Simple dice roller */,
				73B2517028B9301400246515 /* Products */,
			);
			sourceTree = "<group>";
		};
		73B2517028B9301400246515 /* Products */ = {
			isa = PBXGroup;
			children = (
				73B2516F28B9301400246515 /* Simple dice roller.app */,
			);
			name = Products;
			sourceTree = "<group>";
		};
		73B2517128B9301400246515 /* Simple dice roller */ = {
			isa = PBXGroup;
			children = (
				73B2517228B9301400246515 /* Simple_dice_rollerApp.swift */,
				73B2518A28B980E300246515 /* View */,
				73FA408F28DA5A7A00797223 /* New BackEnd */,
				73B2518228B930DD00246515 /* Constance.swift */,
				73B2518628B93E6E00246515 /* Extensions.swift */,
				73B2517628B9301400246515 /* Assets.xcassets */,
				73B2517828B9301400246515 /* Preview Content */,
			);
			path = "Simple dice roller";
			sourceTree = "<group>";
		};
		73B2517828B9301400246515 /* Preview Content */ = {
			isa = PBXGroup;
			children = (
				73B2517928B9301400246515 /* Preview Assets.xcassets */,
			);
			path = "Preview Content";
			sourceTree = "<group>";
		};
		73B2518A28B980E300246515 /* View */ = {
			isa = PBXGroup;
			children = (
				737B187628BFF6C600ED59D3 /* Content view */,
				737B187728BFF6FC00ED59D3 /* Creation view */,
				73D3D88B28EB4A0D00117989 /* Settings */,
				73BF039928E4E9C4006B2100 /* Other */,
			);
			path = View;
			sourceTree = "<group>";
		};
		73BF039928E4E9C4006B2100 /* Other */ = {
			isa = PBXGroup;
			children = (
				73855B1F28C960DC00E59726 /* DiceCalculatorBoardView.swift */,
				73B2518B28B9814000246515 /* NumberToggleView.swift */,
				73BF039A28E4EA0E006B2100 /* MarqueeText.swift */,
			);
			path = Other;
			sourceTree = "<group>";
		};
		73D3D88B28EB4A0D00117989 /* Settings */ = {
			isa = PBXGroup;
			children = (
				73D3D88C28EB4A3100117989 /* SettingsView.swift */,
			);
			path = Settings;
			sourceTree = "<group>";
		};
		73FA408F28DA5A7A00797223 /* New BackEnd */ = {
			isa = PBXGroup;
			children = (
				73FA409B28DBC1CA00797223 /* ViewModel.swift */,
				73FA409A28DBC19F00797223 /* Model */,
			);
			path = "New BackEnd";
			sourceTree = "<group>";
		};
		73FA409A28DBC19F00797223 /* Model */ = {
			isa = PBXGroup;
			children = (
				73FA409628DBAC0F00797223 /* Event.swift */,
				73FA409828DBAC5000797223 /* Monster.swift */,
				73FA409428DA5C7300797223 /* Roll.swift */,
			);
			path = Model;
			sourceTree = "<group>";
		};
/* End PBXGroup section */

/* Begin PBXNativeTarget section */
		73B2516E28B9301400246515 /* Simple dice roller */ = {
			isa = PBXNativeTarget;
			buildConfigurationList = 73B2517D28B9301400246515 /* Build configuration list for PBXNativeTarget "Simple dice roller" */;
			buildPhases = (
				73B2516B28B9301400246515 /* Sources */,
				73B2516C28B9301400246515 /* Frameworks */,
				73B2516D28B9301400246515 /* Resources */,
			);
			buildRules = (
			);
			dependencies = (
			);
			name = "Simple dice roller";
			productName = "Simple dice roller";
			productReference = 73B2516F28B9301400246515 /* Simple dice roller.app */;
			productType = "com.apple.product-type.application";
		};
/* End PBXNativeTarget section */

/* Begin PBXProject section */
		73B2516728B9301400246515 /* Project object */ = {
			isa = PBXProject;
			attributes = {
				BuildIndependentTargetsInParallel = 1;
				LastSwiftUpdateCheck = 1340;
				LastUpgradeCheck = 1340;
				TargetAttributes = {
					73B2516E28B9301400246515 = {
						CreatedOnToolsVersion = 13.4.1;
					};
				};
			};
			buildConfigurationList = 73B2516A28B9301400246515 /* Build configuration list for PBXProject "Simple dice roller" */;
			compatibilityVersion = "Xcode 13.0";
			developmentRegion = en;
			hasScannedForEncodings = 0;
			knownRegions = (
				en,
				Base,
			);
			mainGroup = 73B2516628B9301400246515;
			productRefGroup = 73B2517028B9301400246515 /* Products */;
			projectDirPath = "";
			projectRoot = "";
			targets = (
				73B2516E28B9301400246515 /* Simple dice roller */,
			);
		};
/* End PBXProject section */

/* Begin PBXResourcesBuildPhase section */
		73B2516D28B9301400246515 /* Resources */ = {
			isa = PBXResourcesBuildPhase;
			buildActionMask = 2147483647;
			files = (
				73B2517A28B9301400246515 /* Preview Assets.xcassets in Resources */,
				73B2517728B9301400246515 /* Assets.xcassets in Resources */,
			);
			runOnlyForDeploymentPostprocessing = 0;
		};
/* End PBXResourcesBuildPhase section */

/* Begin PBXSourcesBuildPhase section */
		73B2516B28B9301400246515 /* Sources */ = {
			isa = PBXSourcesBuildPhase;
			buildActionMask = 2147483647;
			files = (
				73855B2028C960DC00E59726 /* DiceCalculatorBoardView.swift in Sources */,
				73EF508428D3B68600CB37F3 /* LastRollView.swift in Sources */,
				73FA409728DBAC0F00797223 /* Event.swift in Sources */,
				73B2518928B96B8800246515 /* RollReadoutView.swift in Sources */,
				73B2518328B930DD00246515 /* Constance.swift in Sources */,
				73B2518728B93E6E00246515 /* Extensions.swift in Sources */,
				737B187528BF03CA00ED59D3 /* SpecificDiceRollingView.swift in Sources */,
				73B2517528B9301400246515 /* ContentView.swift in Sources */,
				737B187928BFF77600ED59D3 /* CreationView.swift in Sources */,
				73FA409928DBAC5000797223 /* Monster.swift in Sources */,
				73BF039628E21D8A006B2100 /* EditAbilitySection.swift in Sources */,
				73FA409C28DBC1CA00797223 /* ViewModel.swift in Sources */,
				73B2518E28B988C300246515 /* GenericDiceRollingView.swift in Sources */,
				73BF039B28E4EA0E006B2100 /* MarqueeText.swift in Sources */,
				73FA409528DA5C7300797223 /* Roll.swift in Sources */,
				7324440728C2A9E70056A8A7 /* EditSheetView.swift in Sources */,
				73B2517328B9301400246515 /* Simple_dice_rollerApp.swift in Sources */,
				73B2518C28B9814000246515 /* NumberToggleView.swift in Sources */,
				73D3D88D28EB4A3100117989 /* SettingsView.swift in Sources */,
			);
			runOnlyForDeploymentPostprocessing = 0;
		};
/* End PBXSourcesBuildPhase section */

/* Begin XCBuildConfiguration section */
		73B2517B28B9301400246515 /* Debug */ = {
			isa = XCBuildConfiguration;
			buildSettings = {
				ALWAYS_SEARCH_USER_PATHS = NO;
				CLANG_ANALYZER_NONNULL = YES;
				CLANG_ANALYZER_NUMBER_OBJECT_CONVERSION = YES_AGGRESSIVE;
				CLANG_CXX_LANGUAGE_STANDARD = "gnu++17";
				CLANG_ENABLE_MODULES = YES;
				CLANG_ENABLE_OBJC_ARC = YES;
				CLANG_ENABLE_OBJC_WEAK = YES;
				CLANG_WARN_BLOCK_CAPTURE_AUTORELEASING = YES;
				CLANG_WARN_BOOL_CONVERSION = YES;
				CLANG_WARN_COMMA = YES;
				CLANG_WARN_CONSTANT_CONVERSION = YES;
				CLANG_WARN_DEPRECATED_OBJC_IMPLEMENTATIONS = YES;
				CLANG_WARN_DIRECT_OBJC_ISA_USAGE = YES_ERROR;
				CLANG_WARN_DOCUMENTATION_COMMENTS = YES;
				CLANG_WARN_EMPTY_BODY = YES;
				CLANG_WARN_ENUM_CONVERSION = YES;
				CLANG_WARN_INFINITE_RECURSION = YES;
				CLANG_WARN_INT_CONVERSION = YES;
				CLANG_WARN_NON_LITERAL_NULL_CONVERSION = YES;
				CLANG_WARN_OBJC_IMPLICIT_RETAIN_SELF = YES;
				CLANG_WARN_OBJC_LITERAL_CONVERSION = YES;
				CLANG_WARN_OBJC_ROOT_CLASS = YES_ERROR;
				CLANG_WARN_QUOTED_INCLUDE_IN_FRAMEWORK_HEADER = YES;
				CLANG_WARN_RANGE_LOOP_ANALYSIS = YES;
				CLANG_WARN_STRICT_PROTOTYPES = YES;
				CLANG_WARN_SUSPICIOUS_MOVE = YES;
				CLANG_WARN_UNGUARDED_AVAILABILITY = YES_AGGRESSIVE;
				CLANG_WARN_UNREACHABLE_CODE = YES;
				CLANG_WARN__DUPLICATE_METHOD_MATCH = YES;
				COPY_PHASE_STRIP = NO;
				DEBUG_INFORMATION_FORMAT = dwarf;
				ENABLE_STRICT_OBJC_MSGSEND = YES;
				ENABLE_TESTABILITY = YES;
				GCC_C_LANGUAGE_STANDARD = gnu11;
				GCC_DYNAMIC_NO_PIC = NO;
				GCC_NO_COMMON_BLOCKS = YES;
				GCC_OPTIMIZATION_LEVEL = 0;
				GCC_PREPROCESSOR_DEFINITIONS = (
					"DEBUG=1",
					"$(inherited)",
				);
				GCC_WARN_64_TO_32_BIT_CONVERSION = YES;
				GCC_WARN_ABOUT_RETURN_TYPE = YES_ERROR;
				GCC_WARN_UNDECLARED_SELECTOR = YES;
				GCC_WARN_UNINITIALIZED_AUTOS = YES_AGGRESSIVE;
				GCC_WARN_UNUSED_FUNCTION = YES;
				GCC_WARN_UNUSED_VARIABLE = YES;
				IPHONEOS_DEPLOYMENT_TARGET = 15.5;
				MTL_ENABLE_DEBUG_INFO = INCLUDE_SOURCE;
				MTL_FAST_MATH = YES;
				ONLY_ACTIVE_ARCH = YES;
				SDKROOT = iphoneos;
				SWIFT_ACTIVE_COMPILATION_CONDITIONS = DEBUG;
				SWIFT_OPTIMIZATION_LEVEL = "-Onone";
			};
			name = Debug;
		};
		73B2517C28B9301400246515 /* Release */ = {
			isa = XCBuildConfiguration;
			buildSettings = {
				ALWAYS_SEARCH_USER_PATHS = NO;
				CLANG_ANALYZER_NONNULL = YES;
				CLANG_ANALYZER_NUMBER_OBJECT_CONVERSION = YES_AGGRESSIVE;
				CLANG_CXX_LANGUAGE_STANDARD = "gnu++17";
				CLANG_ENABLE_MODULES = YES;
				CLANG_ENABLE_OBJC_ARC = YES;
				CLANG_ENABLE_OBJC_WEAK = YES;
				CLANG_WARN_BLOCK_CAPTURE_AUTORELEASING = YES;
				CLANG_WARN_BOOL_CONVERSION = YES;
				CLANG_WARN_COMMA = YES;
				CLANG_WARN_CONSTANT_CONVERSION = YES;
				CLANG_WARN_DEPRECATED_OBJC_IMPLEMENTATIONS = YES;
				CLANG_WARN_DIRECT_OBJC_ISA_USAGE = YES_ERROR;
				CLANG_WARN_DOCUMENTATION_COMMENTS = YES;
				CLANG_WARN_EMPTY_BODY = YES;
				CLANG_WARN_ENUM_CONVERSION = YES;
				CLANG_WARN_INFINITE_RECURSION = YES;
				CLANG_WARN_INT_CONVERSION = YES;
				CLANG_WARN_NON_LITERAL_NULL_CONVERSION = YES;
				CLANG_WARN_OBJC_IMPLICIT_RETAIN_SELF = YES;
				CLANG_WARN_OBJC_LITERAL_CONVERSION = YES;
				CLANG_WARN_OBJC_ROOT_CLASS = YES_ERROR;
				CLANG_WARN_QUOTED_INCLUDE_IN_FRAMEWORK_HEADER = YES;
				CLANG_WARN_RANGE_LOOP_ANALYSIS = YES;
				CLANG_WARN_STRICT_PROTOTYPES = YES;
				CLANG_WARN_SUSPICIOUS_MOVE = YES;
				CLANG_WARN_UNGUARDED_AVAILABILITY = YES_AGGRESSIVE;
				CLANG_WARN_UNREACHABLE_CODE = YES;
				CLANG_WARN__DUPLICATE_METHOD_MATCH = YES;
				COPY_PHASE_STRIP = NO;
				DEBUG_INFORMATION_FORMAT = "dwarf-with-dsym";
				ENABLE_NS_ASSERTIONS = NO;
				ENABLE_STRICT_OBJC_MSGSEND = YES;
				GCC_C_LANGUAGE_STANDARD = gnu11;
				GCC_NO_COMMON_BLOCKS = YES;
				GCC_WARN_64_TO_32_BIT_CONVERSION = YES;
				GCC_WARN_ABOUT_RETURN_TYPE = YES_ERROR;
				GCC_WARN_UNDECLARED_SELECTOR = YES;
				GCC_WARN_UNINITIALIZED_AUTOS = YES_AGGRESSIVE;
				GCC_WARN_UNUSED_FUNCTION = YES;
				GCC_WARN_UNUSED_VARIABLE = YES;
				IPHONEOS_DEPLOYMENT_TARGET = 15.5;
				MTL_ENABLE_DEBUG_INFO = NO;
				MTL_FAST_MATH = YES;
				SDKROOT = iphoneos;
				SWIFT_COMPILATION_MODE = wholemodule;
				SWIFT_OPTIMIZATION_LEVEL = "-O";
				VALIDATE_PRODUCT = YES;
			};
			name = Release;
		};
		73B2517E28B9301400246515 /* Debug */ = {
			isa = XCBuildConfiguration;
			buildSettings = {
				ASSETCATALOG_COMPILER_APPICON_NAME = AppIcon;
				ASSETCATALOG_COMPILER_GLOBAL_ACCENT_COLOR_NAME = AccentColor;
				CODE_SIGN_STYLE = Automatic;
				CURRENT_PROJECT_VERSION = 1;
				DEVELOPMENT_ASSET_PATHS = "\"Simple dice roller/Preview Content\"";
				DEVELOPMENT_TEAM = F4APFPN2XP;
				ENABLE_PREVIEWS = YES;
				GENERATE_INFOPLIST_FILE = YES;
				INFOPLIST_KEY_UIApplicationSceneManifest_Generation = YES;
				INFOPLIST_KEY_UIApplicationSupportsIndirectInputEvents = YES;
				INFOPLIST_KEY_UILaunchScreen_Generation = YES;
				INFOPLIST_KEY_UISupportedInterfaceOrientations_iPad = "UIInterfaceOrientationPortrait UIInterfaceOrientationPortraitUpsideDown UIInterfaceOrientationLandscapeLeft UIInterfaceOrientationLandscapeRight";
				INFOPLIST_KEY_UISupportedInterfaceOrientations_iPhone = "UIInterfaceOrientationPortrait UIInterfaceOrientationLandscapeLeft UIInterfaceOrientationLandscapeRight";
				LD_RUNPATH_SEARCH_PATHS = (
					"$(inherited)",
					"@executable_path/Frameworks",
				);
				MARKETING_VERSION = 1.0;
				PRODUCT_BUNDLE_IDENTIFIER = "me.bradyrobshaw.Simple-dice-roller";
				PRODUCT_NAME = "$(TARGET_NAME)";
				SWIFT_EMIT_LOC_STRINGS = YES;
				SWIFT_VERSION = 5.0;
				TARGETED_DEVICE_FAMILY = "1,2";
			};
			name = Debug;
		};
		73B2517F28B9301400246515 /* Release */ = {
			isa = XCBuildConfiguration;
			buildSettings = {
				ASSETCATALOG_COMPILER_APPICON_NAME = AppIcon;
				ASSETCATALOG_COMPILER_GLOBAL_ACCENT_COLOR_NAME = AccentColor;
				CODE_SIGN_STYLE = Automatic;
				CURRENT_PROJECT_VERSION = 1;
				DEVELOPMENT_ASSET_PATHS = "\"Simple dice roller/Preview Content\"";
				DEVELOPMENT_TEAM = F4APFPN2XP;
				ENABLE_PREVIEWS = YES;
				GENERATE_INFOPLIST_FILE = YES;
				INFOPLIST_KEY_UIApplicationSceneManifest_Generation = YES;
				INFOPLIST_KEY_UIApplicationSupportsIndirectInputEvents = YES;
				INFOPLIST_KEY_UILaunchScreen_Generation = YES;
				INFOPLIST_KEY_UISupportedInterfaceOrientations_iPad = "UIInterfaceOrientationPortrait UIInterfaceOrientationPortraitUpsideDown UIInterfaceOrientationLandscapeLeft UIInterfaceOrientationLandscapeRight";
				INFOPLIST_KEY_UISupportedInterfaceOrientations_iPhone = "UIInterfaceOrientationPortrait UIInterfaceOrientationLandscapeLeft UIInterfaceOrientationLandscapeRight";
				LD_RUNPATH_SEARCH_PATHS = (
					"$(inherited)",
					"@executable_path/Frameworks",
				);
				MARKETING_VERSION = 1.0;
				PRODUCT_BUNDLE_IDENTIFIER = "me.bradyrobshaw.Simple-dice-roller";
				PRODUCT_NAME = "$(TARGET_NAME)";
				SWIFT_EMIT_LOC_STRINGS = YES;
				SWIFT_VERSION = 5.0;
				TARGETED_DEVICE_FAMILY = "1,2";
			};
			name = Release;
		};
/* End XCBuildConfiguration section */

/* Begin XCConfigurationList section */
		73B2516A28B9301400246515 /* Build configuration list for PBXProject "Simple dice roller" */ = {
			isa = XCConfigurationList;
			buildConfigurations = (
				73B2517B28B9301400246515 /* Debug */,
				73B2517C28B9301400246515 /* Release */,
			);
			defaultConfigurationIsVisible = 0;
			defaultConfigurationName = Release;
		};
		73B2517D28B9301400246515 /* Build configuration list for PBXNativeTarget "Simple dice roller" */ = {
			isa = XCConfigurationList;
			buildConfigurations = (
				73B2517E28B9301400246515 /* Debug */,
				73B2517F28B9301400246515 /* Release */,
			);
			defaultConfigurationIsVisible = 0;
			defaultConfigurationName = Release;
		};
/* End XCConfigurationList section */
	};
	rootObject = 73B2516728B9301400246515 /* Project object */;
}
